
Microsoft Visual Studio Solution File, Format Version 12.00
# Visual Studio 15
VisualStudioVersion = 15.0.26730.16
MinimumVisualStudioVersion = 10.0.40219.1
Project("{E24C65DC-7377-472B-9ABA-BC803B73C61A}") = "Spark-Central-Project-Main(1)", ".", "{79F49B5C-7EE5-4720-94A9-6B47D813BAA9}"
	ProjectSection(WebsiteProperties) = preProject
		TargetFrameworkMoniker = ".NETFramework,Version%3Dv4.0"
		Debug.AspNetCompiler.VirtualPath = "/localhost_60819"
		Debug.AspNetCompiler.PhysicalPath = "..\Spark-Central-Project-Main\"
		Debug.AspNetCompiler.TargetPath = "PrecompiledWeb\localhost_60819\"
		Debug.AspNetCompiler.Updateable = "true"
		Debug.AspNetCompiler.ForceOverwrite = "true"
		Debug.AspNetCompiler.FixedNames = "false"
		Debug.AspNetCompiler.Debug = "True"
		Release.AspNetCompiler.VirtualPath = "/localhost_60819"
		Release.AspNetCompiler.PhysicalPath = "..\Spark-Central-Project-Main\"
		Release.AspNetCompiler.TargetPath = "PrecompiledWeb\localhost_60819\"
		Release.AspNetCompiler.Updateable = "true"
		Release.AspNetCompiler.ForceOverwrite = "true"
		Release.AspNetCompiler.FixedNames = "false"
		Release.AspNetCompiler.Debug = "False"
		VWDPort = "60819"
		SlnRelativePath = "..\Spark-Central-Project-Main\"
	EndProjectSection
EndProject
Project("{FAE04EC0-301F-11D3-BF4B-00C04F79EFBC}") = "SparkAPI", "..\SparkAPI\SparkAPI.csproj", "{870C8129-D316-4AC3-A9F1-A53F09DE5D96}"
EndProject
Global
	GlobalSection(SolutionConfigurationPlatforms) = preSolution
		Debug|Any CPU = Debug|Any CPU
		Release|Any CPU = Release|Any CPU
	EndGlobalSection
	GlobalSection(ProjectConfigurationPlatforms) = postSolution
		{79F49B5C-7EE5-4720-94A9-6B47D813BAA9}.Debug|Any CPU.ActiveCfg = Debug|Any CPU
		{79F49B5C-7EE5-4720-94A9-6B47D813BAA9}.Debug|Any CPU.Build.0 = Debug|Any CPU
		{79F49B5C-7EE5-4720-94A9-6B47D813BAA9}.Release|Any CPU.ActiveCfg = Debug|Any CPU
		{79F49B5C-7EE5-4720-94A9-6B47D813BAA9}.Release|Any CPU.Build.0 = Debug|Any CPU
		{870C8129-D316-4AC3-A9F1-A53F09DE5D96}.Debug|Any CPU.ActiveCfg = Debug|Any CPU
		{870C8129-D316-4AC3-A9F1-A53F09DE5D96}.Debug|Any CPU.Build.0 = Debug|Any CPU
		{870C8129-D316-4AC3-A9F1-A53F09DE5D96}.Release|Any CPU.ActiveCfg = Release|Any CPU
		{870C8129-D316-4AC3-A9F1-A53F09DE5D96}.Release|Any CPU.Build.0 = Release|Any CPU
	EndGlobalSection
	GlobalSection(SolutionProperties) = preSolution
		HideSolutionNode = FALSE
	EndGlobalSection
	GlobalSection(ExtensibilityGlobals) = postSolution
		SolutionGuid = {46725F4D-878A-40A1-AA30-D0EA0C0174DB}
	EndGlobalSection
EndGlobal
